{
  "name": "eths-ics",
  "version": "1.0.0",
  "lockfileVersion": 2,
  "requires": true,
  "packages": {
    "": {
      "name": "eths-ics",
      "version": "1.0.0",
      "license": "Apache-2.0",
      "dependencies": {
        "date-fns": "^2.29.1",
        "date-fns-tz": "^1.3.6",
        "date-time-format-timezone": "^1.0.22",
        "prettier": "^2.7.1",
        "uuid": "^8.3.2"
      }
    },
    "node_modules/date-fns": {
      "version": "2.29.1",
      "resolved": "https://registry.npmjs.org/date-fns/-/date-fns-2.29.1.tgz",
      "integrity": "sha512-dlLD5rKaKxpFdnjrs+5azHDFOPEu4ANy/LTh04A1DTzMM7qoajmKCBc8pkKRFT41CNzw+4gQh79X5C+Jq27HAw==",
      "engines": {
        "node": ">=0.11"
      },
      "funding": {
        "type": "opencollective",
        "url": "https://opencollective.com/date-fns"
      }
    },
    "node_modules/date-fns-tz": {
      "version": "1.3.6",
      "resolved": "https://registry.npmjs.org/date-fns-tz/-/date-fns-tz-1.3.6.tgz",
      "integrity": "sha512-C8q7mErvG4INw1ZwAFmPlGjEo5Sv4udjKVbTc03zpP9cu6cp5AemFzKhz0V68LGcWEtX5mJudzzg3G04emIxLA==",
      "peerDependencies": {
        "date-fns": ">=2.0.0"
      }
    },
    "node_modules/date-time-format-timezone": {
      "version": "1.0.22",
      "resolved": "https://registry.npmjs.org/date-time-format-timezone/-/date-time-format-timezone-1.0.22.tgz",
      "integrity": "sha512-4hEeKPpNlbFO05ldht9FwJEy2g1xL7kU3dTPY5hNSd1AyMjrrIeUS54kSWgt/KdttYshhjDMIonU+vCmL4NjVw=="
    },
    "node_modules/prettier": {
      "version": "2.7.1",
      "resolved": "https://registry.npmjs.org/prettier/-/prettier-2.7.1.tgz",
      "integrity": "sha512-ujppO+MkdPqoVINuDFDRLClm7D78qbDt0/NR+wp5FqEZOoTNAjPHWj17QRhu7geIHJfcNhRk1XVQmF8Bp3ye+g==",
      "bin": {
        "prettier": "bin-prettier.js"
      },
      "engines": {
        "node": ">=10.13.0"
      },
      "funding": {
        "url": "https://github.com/prettier/prettier?sponsor=1"
      }
    },
    "node_modules/uuid": {
      "version": "8.3.2",
      "resolved": "https://registry.npmjs.org/uuid/-/uuid-8.3.2.tgz",
      "integrity": "sha512-+NYs2QeMWy+GWFOEm9xnn6HCDp0l7QBD7ml8zLUmJ+93Q5NF0NocErnwkTkXVFNiX3/fpC6afS8Dhb/gz7R7eg==",
      "bin": {
        "uuid": "dist/bin/uuid"
      }
    }
  },
  "dependencies": {
    "date-fns": {
      "version": "2.29.1",
      "resolved": "https://registry.npmjs.org/date-fns/-/date-fns-2.29.1.tgz",
      "integrity": "sha512-dlLD5rKaKxpFdnjrs+5azHDFOPEu4ANy/LTh04A1DTzMM7qoajmKCBc8pkKRFT41CNzw+4gQh79X5C+Jq27HAw=="
    },
    "date-fns-tz": {
      "version": "1.3.6",
      "resolved": "https://registry.npmjs.org/date-fns-tz/-/date-fns-tz-1.3.6.tgz",
      "integrity": "sha512-C8q7mErvG4INw1ZwAFmPlGjEo5Sv4udjKVbTc03zpP9cu6cp5AemFzKhz0V68LGcWEtX5mJudzzg3G04emIxLA==",
      "requires": {}
    },
    "date-time-format-timezone": {
      "version": "1.0.22",
      "resolved": "https://registry.npmjs.org/date-time-format-timezone/-/date-time-format-timezone-1.0.22.tgz",
      "integrity": "sha512-4hEeKPpNlbFO05ldht9FwJEy2g1xL7kU3dTPY5hNSd1AyMjrrIeUS54kSWgt/KdttYshhjDMIonU+vCmL4NjVw=="
    },
    "prettier": {
      "version": "2.7.1",
      "resolved": "https://registry.npmjs.org/prettier/-/prettier-2.7.1.tgz",
      "integrity": "sha512-ujppO+MkdPqoVINuDFDRLClm7D78qbDt0/NR+wp5FqEZOoTNAjPHWj17QRhu7geIHJfcNhRk1XVQmF8Bp3ye+g=="
    },
    "uuid": {
      "version": "8.3.2",
      "resolved": "https://registry.npmjs.org/uuid/-/uuid-8.3.2.tgz",
      "integrity": "sha512-+NYs2QeMWy+GWFOEm9xnn6HCDp0l7QBD7ml8zLUmJ+93Q5NF0NocErnwkTkXVFNiX3/fpC6afS8Dhb/gz7R7eg=="
    }
  }
}
